// !$*UTF8*$!
{
	archiveVersion = 1;
	classes = {
	};
	objectVersion = 46;
	objects = {

/* Begin PBXBuildFile section */
		348F04831F720F19009EDD0E /* AppDelegate.swift in Sources */ = {isa = PBXBuildFile; fileRef = 348F04821F720F19009EDD0E /* AppDelegate.swift */; };
		348F04851F720F19009EDD0E /* ViewController.swift in Sources */ = {isa = PBXBuildFile; fileRef = 348F04841F720F19009EDD0E /* ViewController.swift */; };
		348F04881F720F19009EDD0E /* Main.storyboard in Resources */ = {isa = PBXBuildFile; fileRef = 348F04861F720F19009EDD0E /* Main.storyboard */; };
		348F048A1F720F19009EDD0E /* Assets.xcassets in Resources */ = {isa = PBXBuildFile; fileRef = 348F04891F720F19009EDD0E /* Assets.xcassets */; };
		348F048D1F720F19009EDD0E /* LaunchScreen.storyboard in Resources */ = {isa = PBXBuildFile; fileRef = 348F048B1F720F19009EDD0E /* LaunchScreen.storyboard */; };
		348F049C1F720F6C009EDD0E /* PlayMusicViewController.m in Sources */ = {isa = PBXBuildFile; fileRef = 348F049A1F720F6C009EDD0E /* PlayMusicViewController.m */; };
		348F049D1F720F6C009EDD0E /* PlayMusicViewController.xib in Resources */ = {isa = PBXBuildFile; fileRef = 348F049B1F720F6C009EDD0E /* PlayMusicViewController.xib */; };
		348F04AC1F72116C009EDD0E /* MyAudioGraph.m in Sources */ = {isa = PBXBuildFile; fileRef = 348F04A11F72116C009EDD0E /* MyAudioGraph.m */; };
		348F04AD1F72116C009EDD0E /* MyAudioNode.m in Sources */ = {isa = PBXBuildFile; fileRef = 348F04A31F72116C009EDD0E /* MyAudioNode.m */; };
		348F04AE1F72116C009EDD0E /* MyAudioNodeEQ.m in Sources */ = {isa = PBXBuildFile; fileRef = 348F04A51F72116C009EDD0E /* MyAudioNodeEQ.m */; };
		348F04AF1F72116C009EDD0E /* MyAudioNodeMixer.m in Sources */ = {isa = PBXBuildFile; fileRef = 348F04A71F72116C009EDD0E /* MyAudioNodeMixer.m */; };
		348F04B01F72116C009EDD0E /* MyAudioNodeRemoteIO.m in Sources */ = {isa = PBXBuildFile; fileRef = 348F04A91F72116C009EDD0E /* MyAudioNodeRemoteIO.m */; };
		348F04B11F72116C009EDD0E /* MyAudioParser.m in Sources */ = {isa = PBXBuildFile; fileRef = 348F04AB1F72116C009EDD0E /* MyAudioParser.m */; };
		348F04B61F721175009EDD0E /* SimpleAudioGraphPlayer.m in Sources */ = {isa = PBXBuildFile; fileRef = 348F04B31F721175009EDD0E /* SimpleAudioGraphPlayer.m */; };
		348F04B71F721175009EDD0E /* SimpleAudioQueuePlayer.m in Sources */ = {isa = PBXBuildFile; fileRef = 348F04B51F721175009EDD0E /* SimpleAudioQueuePlayer.m */; };
/* End PBXBuildFile section */

/* Begin PBXFileReference section */
		348F047F1F720F19009EDD0E /* AudioGraphPrac.app */ = {isa = PBXFileReference; explicitFileType = wrapper.application; includeInIndex = 0; path = AudioGraphPrac.app; sourceTree = BUILT_PRODUCTS_DIR; };
		348F04821F720F19009EDD0E /* AppDelegate.swift */ = {isa = PBXFileReference; lastKnownFileType = sourcecode.swift; path = AppDelegate.swift; sourceTree = "<group>"; };
		348F04841F720F19009EDD0E /* ViewController.swift */ = {isa = PBXFileReference; lastKnownFileType = sourcecode.swift; path = ViewController.swift; sourceTree = "<group>"; };
		348F04871F720F19009EDD0E /* Base */ = {isa = PBXFileReference; lastKnownFileType = file.storyboard; name = Base; path = Base.lproj/Main.storyboard; sourceTree = "<group>"; };
		348F04891F720F19009EDD0E /* Assets.xcassets */ = {isa = PBXFileReference; lastKnownFileType = folder.assetcatalog; path = Assets.xcassets; sourceTree = "<group>"; };
		348F048C1F720F19009EDD0E /* Base */ = {isa = PBXFileReference; lastKnownFileType = file.storyboard; name = Base; path = Base.lproj/LaunchScreen.storyboard; sourceTree = "<group>"; };
		348F048E1F720F19009EDD0E /* Info.plist */ = {isa = PBXFileReference; lastKnownFileType = text.plist.xml; path = Info.plist; sourceTree = "<group>"; };
		348F04981F720F6B009EDD0E /* AudioGraphPrac-Bridging-Header.h */ = {isa = PBXFileReference; lastKnownFileType = sourcecode.c.h; path = "AudioGraphPrac-Bridging-Header.h"; sourceTree = "<group>"; };
		348F04991F720F6C009EDD0E /* PlayMusicViewController.h */ = {isa = PBXFileReference; fileEncoding = 4; lastKnownFileType = sourcecode.c.h; path = PlayMusicViewController.h; sourceTree = "<group>"; };
		348F049A1F720F6C009EDD0E /* PlayMusicViewController.m */ = {isa = PBXFileReference; fileEncoding = 4; lastKnownFileType = sourcecode.c.objc; path = PlayMusicViewController.m; sourceTree = "<group>"; };
		348F049B1F720F6C009EDD0E /* PlayMusicViewController.xib */ = {isa = PBXFileReference; fileEncoding = 4; lastKnownFileType = file.xib; path = PlayMusicViewController.xib; sourceTree = "<group>"; };
		348F04A01F72116C009EDD0E /* MyAudioGraph.h */ = {isa = PBXFileReference; fileEncoding = 4; lastKnownFileType = sourcecode.c.h; name = MyAudioGraph.h; path = audio/MyAudioGraph.h; sourceTree = "<group>"; };
		348F04A11F72116C009EDD0E /* MyAudioGraph.m */ = {isa = PBXFileReference; fileEncoding = 4; lastKnownFileType = sourcecode.c.objc; name = MyAudioGraph.m; path = audio/MyAudioGraph.m; sourceTree = "<group>"; };
		348F04A21F72116C009EDD0E /* MyAudioNode.h */ = {isa = PBXFileReference; fileEncoding = 4; lastKnownFileType = sourcecode.c.h; name = MyAudioNode.h; path = audio/MyAudioNode.h; sourceTree = "<group>"; };
		348F04A31F72116C009EDD0E /* MyAudioNode.m */ = {isa = PBXFileReference; fileEncoding = 4; lastKnownFileType = sourcecode.c.objc; name = MyAudioNode.m; path = audio/MyAudioNode.m; sourceTree = "<group>"; };
		348F04A41F72116C009EDD0E /* MyAudioNodeEQ.h */ = {isa = PBXFileReference; fileEncoding = 4; lastKnownFileType = sourcecode.c.h; name = MyAudioNodeEQ.h; path = audio/MyAudioNodeEQ.h; sourceTree = "<group>"; };
		348F04A51F72116C009EDD0E /* MyAudioNodeEQ.m */ = {isa = PBXFileReference; fileEncoding = 4; lastKnownFileType = sourcecode.c.objc; name = MyAudioNodeEQ.m; path = audio/MyAudioNodeEQ.m; sourceTree = "<group>"; };
		348F04A61F72116C009EDD0E /* MyAudioNodeMixer.h */ = {isa = PBXFileReference; fileEncoding = 4; lastKnownFileType = sourcecode.c.h; name = MyAudioNodeMixer.h; path = audio/MyAudioNodeMixer.h; sourceTree = "<group>"; };
		348F04A71F72116C009EDD0E /* MyAudioNodeMixer.m */ = {isa = PBXFileReference; fileEncoding = 4; lastKnownFileType = sourcecode.c.objc; name = MyAudioNodeMixer.m; path = audio/MyAudioNodeMixer.m; sourceTree = "<group>"; };
		348F04A81F72116C009EDD0E /* MyAudioNodeRemoteIO.h */ = {isa = PBXFileReference; fileEncoding = 4; lastKnownFileType = sourcecode.c.h; name = MyAudioNodeRemoteIO.h; path = audio/MyAudioNodeRemoteIO.h; sourceTree = "<group>"; };
		348F04A91F72116C009EDD0E /* MyAudioNodeRemoteIO.m */ = {isa = PBXFileReference; fileEncoding = 4; lastKnownFileType = sourcecode.c.objc; name = MyAudioNodeRemoteIO.m; path = audio/MyAudioNodeRemoteIO.m; sourceTree = "<group>"; };
		348F04AA1F72116C009EDD0E /* MyAudioParser.h */ = {isa = PBXFileReference; fileEncoding = 4; lastKnownFileType = sourcecode.c.h; name = MyAudioParser.h; path = audio/MyAudioParser.h; sourceTree = "<group>"; };
		348F04AB1F72116C009EDD0E /* MyAudioParser.m */ = {isa = PBXFileReference; fileEncoding = 4; lastKnownFileType = sourcecode.c.objc; name = MyAudioParser.m; path = audio/MyAudioParser.m; sourceTree = "<group>"; };
		348F04B21F721175009EDD0E /* SimpleAudioGraphPlayer.h */ = {isa = PBXFileReference; fileEncoding = 4; lastKnownFileType = sourcecode.c.h; name = SimpleAudioGraphPlayer.h; path = player/SimpleAudioGraphPlayer.h; sourceTree = "<group>"; };
		348F04B31F721175009EDD0E /* SimpleAudioGraphPlayer.m */ = {isa = PBXFileReference; fileEncoding = 4; lastKnownFileType = sourcecode.c.objc; name = SimpleAudioGraphPlayer.m; path = player/SimpleAudioGraphPlayer.m; sourceTree = "<group>"; };
		348F04B41F721175009EDD0E /* SimpleAudioQueuePlayer.h */ = {isa = PBXFileReference; fileEncoding = 4; lastKnownFileType = sourcecode.c.h; name = SimpleAudioQueuePlayer.h; path = player/SimpleAudioQueuePlayer.h; sourceTree = "<group>"; };
		348F04B51F721175009EDD0E /* SimpleAudioQueuePlayer.m */ = {isa = PBXFileReference; fileEncoding = 4; lastKnownFileType = sourcecode.c.objc; name = SimpleAudioQueuePlayer.m; path = player/SimpleAudioQueuePlayer.m; sourceTree = "<group>"; };
/* End PBXFileReference section */

/* Begin PBXFrameworksBuildPhase section */
		348F047C1F720F19009EDD0E /* Frameworks */ = {
			isa = PBXFrameworksBuildPhase;
			buildActionMask = 2147483647;
			files = (
			);
			runOnlyForDeploymentPostprocessing = 0;
		};
/* End PBXFrameworksBuildPhase section */

/* Begin PBXGroup section */
		348F04761F720F19009EDD0E = {
			isa = PBXGroup;
			children = (
				348F04811F720F19009EDD0E /* AudioGraphPrac */,
				348F04801F720F19009EDD0E /* Products */,
			);
			sourceTree = "<group>";
		};
		348F04801F720F19009EDD0E /* Products */ = {
			isa = PBXGroup;
			children = (
				348F047F1F720F19009EDD0E /* AudioGraphPrac.app */,
			);
			name = Products;
			sourceTree = "<group>";
		};
		348F04811F720F19009EDD0E /* AudioGraphPrac */ = {
			isa = PBXGroup;
			children = (
				348F049F1F72115C009EDD0E /* audio */,
				348F049E1F72114F009EDD0E /* player */,
				348F04821F720F19009EDD0E /* AppDelegate.swift */,
				348F04991F720F6C009EDD0E /* PlayMusicViewController.h */,
				348F049A1F720F6C009EDD0E /* PlayMusicViewController.m */,
				348F049B1F720F6C009EDD0E /* PlayMusicViewController.xib */,
				348F04841F720F19009EDD0E /* ViewController.swift */,
				348F04861F720F19009EDD0E /* Main.storyboard */,
				348F04891F720F19009EDD0E /* Assets.xcassets */,
				348F048B1F720F19009EDD0E /* LaunchScreen.storyboard */,
				348F048E1F720F19009EDD0E /* Info.plist */,
				348F04981F720F6B009EDD0E /* AudioGraphPrac-Bridging-Header.h */,
			);
			path = AudioGraphPrac;
			sourceTree = "<group>";
		};
		348F049E1F72114F009EDD0E /* player */ = {
			isa = PBXGroup;
			children = (
				348F04B21F721175009EDD0E /* SimpleAudioGraphPlayer.h */,
				348F04B31F721175009EDD0E /* SimpleAudioGraphPlayer.m */,
				348F04B41F721175009EDD0E /* SimpleAudioQueuePlayer.h */,
				348F04B51F721175009EDD0E /* SimpleAudioQueuePlayer.m */,
			);
			name = player;
			sourceTree = "<group>";
		};
		348F049F1F72115C009EDD0E /* audio */ = {
			isa = PBXGroup;
			children = (
				348F04A01F72116C009EDD0E /* MyAudioGraph.h */,
				348F04A11F72116C009EDD0E /* MyAudioGraph.m */,
				348F04A21F72116C009EDD0E /* MyAudioNode.h */,
				348F04A31F72116C009EDD0E /* MyAudioNode.m */,
				348F04A41F72116C009EDD0E /* MyAudioNodeEQ.h */,
				348F04A51F72116C009EDD0E /* MyAudioNodeEQ.m */,
				348F04A61F72116C009EDD0E /* MyAudioNodeMixer.h */,
				348F04A71F72116C009EDD0E /* MyAudioNodeMixer.m */,
				348F04A81F72116C009EDD0E /* MyAudioNodeRemoteIO.h */,
				348F04A91F72116C009EDD0E /* MyAudioNodeRemoteIO.m */,
				348F04AA1F72116C009EDD0E /* MyAudioParser.h */,
				348F04AB1F72116C009EDD0E /* MyAudioParser.m */,
			);
			name = audio;
			sourceTree = "<group>";
		};
/* End PBXGroup section */

/* Begin PBXNativeTarget section */
		348F047E1F720F19009EDD0E /* AudioGraphPrac */ = {
			isa = PBXNativeTarget;
			buildConfigurationList = 348F04911F720F19009EDD0E /* Build configuration list for PBXNativeTarget "AudioGraphPrac" */;
			buildPhases = (
				348F047B1F720F19009EDD0E /* Sources */,
				348F047C1F720F19009EDD0E /* Frameworks */,
				348F047D1F720F19009EDD0E /* Resources */,
			);
			buildRules = (
			);
			dependencies = (
			);
			name = AudioGraphPrac;
			productName = AudioGraphPrac;
			productReference = 348F047F1F720F19009EDD0E /* AudioGraphPrac.app */;
			productType = "com.apple.product-type.application";
		};
/* End PBXNativeTarget section */

/* Begin PBXProject section */
		348F04771F720F19009EDD0E /* Project object */ = {
			isa = PBXProject;
			attributes = {
				LastSwiftUpdateCheck = 0830;
				LastUpgradeCheck = 0830;
				ORGANIZATIONNAME = "William Wang";
				TargetAttributes = {
					348F047E1F720F19009EDD0E = {
						CreatedOnToolsVersion = 8.3.3;
						DevelopmentTeam = GA2DMW4FFR;
						LastSwiftMigration = 0830;
						ProvisioningStyle = Automatic;
					};
				};
			};
			buildConfigurationList = 348F047A1F720F19009EDD0E /* Build configuration list for PBXProject "AudioGraphPrac" */;
			compatibilityVersion = "Xcode 3.2";
			developmentRegion = English;
			hasScannedForEncodings = 0;
			knownRegions = (
				en,
				Base,
			);
			mainGroup = 348F04761F720F19009EDD0E;
			productRefGroup = 348F04801F720F19009EDD0E /* Products */;
			projectDirPath = "";
			projectRoot = "";
			targets = (
				348F047E1F720F19009EDD0E /* AudioGraphPrac */,
			);
		};
/* End PBXProject section */

/* Begin PBXResourcesBuildPhase section */
		348F047D1F720F19009EDD0E /* Resources */ = {
			isa = PBXResourcesBuildPhase;
			buildActionMask = 2147483647;
			files = (
				348F049D1F720F6C009EDD0E /* PlayMusicViewController.xib in Resources */,
				348F048D1F720F19009EDD0E /* LaunchScreen.storyboard in Resources */,
				348F048A1F720F19009EDD0E /* Assets.xcassets in Resources */,
				348F04881F720F19009EDD0E /* Main.storyboard in Resources */,
			);
			runOnlyForDeploymentPostprocessing = 0;
		};
/* End PBXResourcesBuildPhase section */

/* Begin PBXSourcesBuildPhase section */
		348F047B1F720F19009EDD0E /* Sources */ = {
			isa = PBXSourcesBuildPhase;
			buildActionMask = 2147483647;
			files = (
				348F04AF1F72116C009EDD0E /* MyAudioNodeMixer.m in Sources */,
				348F04851F720F19009EDD0E /* ViewController.swift in Sources */,
				348F04B01F72116C009EDD0E /* MyAudioNodeRemoteIO.m in Sources */,
				348F049C1F720F6C009EDD0E /* PlayMusicViewController.m in Sources */,
				348F04AE1F72116C009EDD0E /* MyAudioNodeEQ.m in Sources */,
				348F04B11F72116C009EDD0E /* MyAudioParser.m in Sources */,
				348F04B61F721175009EDD0E /* SimpleAudioGraphPlayer.m in Sources */,
				348F04B71F721175009EDD0E /* SimpleAudioQueuePlayer.m in Sources */,
				348F04AD1F72116C009EDD0E /* MyAudioNode.m in Sources */,
				348F04831F720F19009EDD0E /* AppDelegate.swift in Sources */,
				348F04AC1F72116C009EDD0E /* MyAudioGraph.m in Sources */,
			);
			runOnlyForDeploymentPostprocessing = 0;
		};
/* End PBXSourcesBuildPhase section */

/* Begin PBXVariantGroup section */
		348F04861F720F19009EDD0E /* Main.storyboard */ = {
			isa = PBXVariantGroup;
			children = (
				348F04871F720F19009EDD0E /* Base */,
			);
			name = Main.storyboard;
			sourceTree = "<group>";
		};
		348F048B1F720F19009EDD0E /* LaunchScreen.storyboard */ = {
			isa = PBXVariantGroup;
			children = (
				348F048C1F720F19009EDD0E /* Base */,
			);
			name = LaunchScreen.storyboard;
			sourceTree = "<group>";
		};
/* End PBXVariantGroup section */

/* Begin XCBuildConfiguration section */
		348F048F1F720F19009EDD0E /* Debug */ = {
			isa = XCBuildConfiguration;
			buildSettings = {
				ALWAYS_SEARCH_USER_PATHS = NO;
				CLANG_ANALYZER_NONNULL = YES;
				CLANG_ANALYZER_NUMBER_OBJECT_CONVERSION = YES_AGGRESSIVE;
				CLANG_CXX_LANGUAGE_STANDARD = "gnu++0x";
				CLANG_CXX_LIBRARY = "libc++";
				CLANG_ENABLE_MODULES = YES;
				CLANG_ENABLE_OBJC_ARC = YES;
				CLANG_WARN_BOOL_CONVERSION = YES;
				CLANG_WARN_CONSTANT_CONVERSION = YES;
				CLANG_WARN_DIRECT_OBJC_ISA_USAGE = YES_ERROR;
				CLANG_WARN_DOCUMENTATION_COMMENTS = YES;
				CLANG_WARN_EMPTY_BODY = YES;
				CLANG_WARN_ENUM_CONVERSION = YES;
				CLANG_WARN_INFINITE_RECURSION = YES;
				CLANG_WARN_INT_CONVERSION = YES;
				CLANG_WARN_OBJC_ROOT_CLASS = YES_ERROR;
				CLANG_WARN_SUSPICIOUS_MOVE = YES;
				CLANG_WARN_UNREACHABLE_CODE = YES;
				CLANG_WARN__DUPLICATE_METHOD_MATCH = YES;
				"CODE_SIGN_IDENTITY[sdk=iphoneos*]" = "iPhone Developer";
				COPY_PHASE_STRIP = NO;
				DEBUG_INFORMATION_FORMAT = dwarf;
				ENABLE_STRICT_OBJC_MSGSEND = YES;
				ENABLE_TESTABILITY = YES;
				GCC_C_LANGUAGE_STANDARD = gnu99;
				GCC_DYNAMIC_NO_PIC = NO;
				GCC_NO_COMMON_BLOCKS = YES;
				GCC_OPTIMIZATION_LEVEL = 0;
				GCC_PREPROCESSOR_DEFINITIONS = (
					"DEBUG=1",
					"$(inherited)",
				);
				GCC_WARN_64_TO_32_BIT_CONVERSION = YES;
				GCC_WARN_ABOUT_RETURN_TYPE = YES_ERROR;
				GCC_WARN_UNDECLARED_SELECTOR = YES;
				GCC_WARN_UNINITIALIZED_AUTOS = YES_AGGRESSIVE;
				GCC_WARN_UNUSED_FUNCTION = YES;
				GCC_WARN_UNUSED_VARIABLE = YES;
				IPHONEOS_DEPLOYMENT_TARGET = 10.3;
				MTL_ENABLE_DEBUG_INFO = YES;
				ONLY_ACTIVE_ARCH = YES;
				SDKROOT = iphoneos;
				SWIFT_ACTIVE_COMPILATION_CONDITIONS = DEBUG;
				SWIFT_OPTIMIZATION_LEVEL = "-Onone";
				TARGETED_DEVICE_FAMILY = "1,2";
			};
			name = Debug;
		};
		348F04901F720F19009EDD0E /* Release */ = {
			isa = XCBuildConfiguration;
			buildSettings = {
				ALWAYS_SEARCH_USER_PATHS = NO;
				CLANG_ANALYZER_NONNULL = YES;
				CLANG_ANALYZER_NUMBER_OBJECT_CONVERSION = YES_AGGRESSIVE;
				CLANG_CXX_LANGUAGE_STANDARD = "gnu++0x";
				CLANG_CXX_LIBRARY = "libc++";
				CLANG_ENABLE_MODULES = YES;
				CLANG_ENABLE_OBJC_ARC = YES;
				CLANG_WARN_BOOL_CONVERSION = YES;
				CLANG_WARN_CONSTANT_CONVERSION = YES;
				CLANG_WARN_DIRECT_OBJC_ISA_USAGE = YES_ERROR;
				CLANG_WARN_DOCUMENTATION_COMMENTS = YES;
				CLANG_WARN_EMPTY_BODY = YES;
				CLANG_WARN_ENUM_CONVERSION = YES;
				CLANG_WARN_INFINITE_RECURSION = YES;
				CLANG_WARN_INT_CONVERSION = YES;
				CLANG_WARN_OBJC_ROOT_CLASS = YES_ERROR;
				CLANG_WARN_SUSPICIOUS_MOVE = YES;
				CLANG_WARN_UNREACHABLE_CODE = YES;
				CLANG_WARN__DUPLICATE_METHOD_MATCH = YES;
				"CODE_SIGN_IDENTITY[sdk=iphoneos*]" = "iPhone Developer";
				COPY_PHASE_STRIP = NO;
				DEBUG_INFORMATION_FORMAT = "dwarf-with-dsym";
				ENABLE_NS_ASSERTIONS = NO;
				ENABLE_STRICT_OBJC_MSGSEND = YES;
				GCC_C_LANGUAGE_STANDARD = gnu99;
				GCC_NO_COMMON_BLOCKS = YES;
				GCC_WARN_64_TO_32_BIT_CONVERSION = YES;
				GCC_WARN_ABOUT_RETURN_TYPE = YES_ERROR;
				GCC_WARN_UNDECLARED_SELECTOR = YES;
				GCC_WARN_UNINITIALIZED_AUTOS = YES_AGGRESSIVE;
				GCC_WARN_UNUSED_FUNCTION = YES;
				GCC_WARN_UNUSED_VARIABLE = YES;
				IPHONEOS_DEPLOYMENT_TARGET = 10.3;
				MTL_ENABLE_DEBUG_INFO = NO;
				SDKROOT = iphoneos;
				SWIFT_OPTIMIZATION_LEVEL = "-Owholemodule";
				TARGETED_DEVICE_FAMILY = "1,2";
				VALIDATE_PRODUCT = YES;
			};
			name = Release;
		};
		348F04921F720F19009EDD0E /* Debug */ = {
			isa = XCBuildConfiguration;
			buildSettings = {
				ASSETCATALOG_COMPILER_APPICON_NAME = AppIcon;
				CLANG_ENABLE_MODULES = YES;
				DEVELOPMENT_TEAM = GA2DMW4FFR;
				INFOPLIST_FILE = AudioGraphPrac/Info.plist;
				LD_RUNPATH_SEARCH_PATHS = "$(inherited) @executable_path/Frameworks";
				PRODUCT_BUNDLE_IDENTIFIER = my.william.AudioGraphPrac;
				PRODUCT_NAME = "$(TARGET_NAME)";
				SWIFT_OBJC_BRIDGING_HEADER = "AudioGraphPrac/AudioGraphPrac-Bridging-Header.h";
				SWIFT_OPTIMIZATION_LEVEL = "-Onone";
				SWIFT_VERSION = 3.0;
			};
			name = Debug;
		};
		348F04931F720F19009EDD0E /* Release */ = {
			isa = XCBuildConfiguration;
			buildSettings = {
				ASSETCATALOG_COMPILER_APPICON_NAME = AppIcon;
				CLANG_ENABLE_MODULES = YES;
				DEVELOPMENT_TEAM = GA2DMW4FFR;
				INFOPLIST_FILE = AudioGraphPrac/Info.plist;
				LD_RUNPATH_SEARCH_PATHS = "$(inherited) @executable_path/Frameworks";
				PRODUCT_BUNDLE_IDENTIFIER = my.william.AudioGraphPrac;
				PRODUCT_NAME = "$(TARGET_NAME)";
				SWIFT_OBJC_BRIDGING_HEADER = "AudioGraphPrac/AudioGraphPrac-Bridging-Header.h";
				SWIFT_VERSION = 3.0;
			};
			name = Release;
		};
/* End XCBuildConfiguration section */

/* Begin XCConfigurationList section */
		348F047A1F720F19009EDD0E /* Build configuration list for PBXProject "AudioGraphPrac" */ = {
			isa = XCConfigurationList;
			buildConfigurations = (
				348F048F1F720F19009EDD0E /* Debug */,
				348F04901F720F19009EDD0E /* Release */,
			);
			defaultConfigurationIsVisible = 0;
			defaultConfigurationName = Release;
		};
		348F04911F720F19009EDD0E /* Build configuration list for PBXNativeTarget "AudioGraphPrac" */ = {
			isa = XCConfigurationList;
			buildConfigurations = (
				348F04921F720F19009EDD0E /* Debug */,
				348F04931F720F19009EDD0E /* Release */,
			);
			defaultConfigurationIsVisible = 0;
		};
/* End XCConfigurationList section */
	};
	rootObject = 348F04771F720F19009EDD0E /* Project object */;
}
